
Microsoft Visual Studio Solution File, Format Version 12.00
# Visual Studio Version 17
VisualStudioVersion = 17.14.35906.104 d17.14
MinimumVisualStudioVersion = 10.0.40219.1
Project("{FAE04EC0-301F-11D3-BF4B-00C04F79EFBC}") = "labreport", "labreport\labreport.csproj", "{8E2D36AD-7AB4-46FD-859E-6576DC985716}"
EndProject
Global
	GlobalSection(SolutionConfigurationPlatforms) = preSolution
		Debug|Any CPU = Debug|Any CPU
		Release|Any CPU = Release|Any CPU
	EndGlobalSection
	GlobalSection(ProjectConfigurationPlatforms) = postSolution
		{8E2D36AD-7AB4-46FD-859E-6576DC985716}.Debug|Any CPU.ActiveCfg = Debug|Any CPU
		{8E2D36AD-7AB4-46FD-859E-6576DC985716}.Debug|Any CPU.Build.0 = Debug|Any CPU
		{8E2D36AD-7AB4-46FD-859E-6576DC985716}.Release|Any CPU.ActiveCfg = Release|Any CPU
		{8E2D36AD-7AB4-46FD-859E-6576DC985716}.Release|Any CPU.Build.0 = Release|Any CPU
	EndGlobalSection
	GlobalSection(SolutionProperties) = preSolution
		HideSolutionNode = FALSE
	EndGlobalSection
	GlobalSection(ExtensibilityGlobals) = postSolution
		SolutionGuid = {B46E8E51-4348-4163-878D-93044EF89B83}
	EndGlobalSection
EndGlobal
